// !$*UTF8*$!
{
	archiveVersion = 1;
	classes = {
	};
	objectVersion = 46;
	objects = {

/* Begin PBXBuildFile section */
		1B3C1B2F1C92966100F244B3 /* Localizable.strings in Resources */ = {isa = PBXBuildFile; fileRef = 1B3C1B311C92966100F244B3 /* Localizable.strings */; };
		1B4BB6A51C8E1DB10039C530 /* AppDelegate.swift in Sources */ = {isa = PBXBuildFile; fileRef = 1B4BB6A41C8E1DB10039C530 /* AppDelegate.swift */; };
		1B4BB6AA1C8E1DBB0039C530 /* ConversionViewController.swift in Sources */ = {isa = PBXBuildFile; fileRef = 1B4BB6A61C8E1DBB0039C530 /* ConversionViewController.swift */; };
		1B4BB6AC1C8E1DBB0039C530 /* MapViewController.swift in Sources */ = {isa = PBXBuildFile; fileRef = 1B4BB6A81C8E1DBB0039C530 /* MapViewController.swift */; };
		1B4BB6AF1C8E1DC80039C530 /* Assets.xcassets in Resources */ = {isa = PBXBuildFile; fileRef = 1B4BB6AE1C8E1DC80039C530 /* Assets.xcassets */; };
		1B4BB6B21C8E1E170039C530 /* LaunchScreen.storyboard in Resources */ = {isa = PBXBuildFile; fileRef = 1B4BB6B01C8E1E170039C530 /* LaunchScreen.storyboard */; };
		1B4BB6B51C8E1E1B0039C530 /* Main.storyboard in Resources */ = {isa = PBXBuildFile; fileRef = 1B4BB6B31C8E1E1B0039C530 /* Main.storyboard */; };
		1B4BB6C91C8E3F310039C530 /* WebKit.framework in Frameworks */ = {isa = PBXBuildFile; fileRef = 1B4BB6C81C8E3F310039C530 /* WebKit.framework */; };
		1B8E57A51C83EC0000F1C6B2 /* MapKit.framework in Frameworks */ = {isa = PBXBuildFile; fileRef = 1B8E57A41C83EC0000F1C6B2 /* MapKit.framework */; };
/* End PBXBuildFile section */

/* Begin PBXFileReference section */
		1B3C1B2B1C9293C500F244B3 /* ja */ = {isa = PBXFileReference; lastKnownFileType = text.plist.strings; name = ja; path = MapTempConverter/ja.lproj/Main.strings; sourceTree = "<group>"; };
		1B3C1B2C1C9294AB00F244B3 /* es-MX */ = {isa = PBXFileReference; lastKnownFileType = text.plist.strings; name = "es-MX"; path = "MapTempConverter/es-MX.lproj/Main.strings"; sourceTree = "<group>"; };
		1B3C1B301C92966100F244B3 /* Base */ = {isa = PBXFileReference; lastKnownFileType = text.plist.strings; name = Base; path = Base.lproj/Localizable.strings; sourceTree = "<group>"; };
		1B3C1B321C92966A00F244B3 /* en */ = {isa = PBXFileReference; lastKnownFileType = text.plist.strings; name = en; path = en.lproj/Localizable.strings; sourceTree = "<group>"; };
		1B3C1B331C92966B00F244B3 /* es */ = {isa = PBXFileReference; lastKnownFileType = text.plist.strings; name = es; path = es.lproj/Localizable.strings; sourceTree = "<group>"; };
		1B3C1B341C92967400F244B3 /* ja */ = {isa = PBXFileReference; lastKnownFileType = text.plist.strings; name = ja; path = ja.lproj/Localizable.strings; sourceTree = "<group>"; };
		1B3C1B351C92967500F244B3 /* es-MX */ = {isa = PBXFileReference; lastKnownFileType = text.plist.strings; name = "es-MX"; path = "es-MX.lproj/Localizable.strings"; sourceTree = "<group>"; };
		1B4B86BA1C928CD900113B3F /* en */ = {isa = PBXFileReference; lastKnownFileType = text.plist.strings; name = en; path = MapTempConverter/en.lproj/Main.strings; sourceTree = "<group>"; };
		1B4B86BB1C928CFB00113B3F /* es */ = {isa = PBXFileReference; lastKnownFileType = text.plist.strings; name = es; path = MapTempConverter/es.lproj/Main.strings; sourceTree = "<group>"; };
		1B4BB6A41C8E1DB10039C530 /* AppDelegate.swift */ = {isa = PBXFileReference; fileEncoding = 4; lastKnownFileType = sourcecode.swift; name = AppDelegate.swift; path = MapTempConverter/AppDelegate.swift; sourceTree = SOURCE_ROOT; };
		1B4BB6A61C8E1DBB0039C530 /* ConversionViewController.swift */ = {isa = PBXFileReference; fileEncoding = 4; lastKnownFileType = sourcecode.swift; name = ConversionViewController.swift; path = MapTempConverter/ConversionViewController.swift; sourceTree = SOURCE_ROOT; };
		1B4BB6A71C8E1DBB0039C530 /* Info.plist */ = {isa = PBXFileReference; fileEncoding = 4; lastKnownFileType = text.plist.xml; name = Info.plist; path = MapTempConverter/Info.plist; sourceTree = SOURCE_ROOT; };
		1B4BB6A81C8E1DBB0039C530 /* MapViewController.swift */ = {isa = PBXFileReference; fileEncoding = 4; lastKnownFileType = sourcecode.swift; name = MapViewController.swift; path = MapTempConverter/MapViewController.swift; sourceTree = SOURCE_ROOT; };
		1B4BB6AE1C8E1DC80039C530 /* Assets.xcassets */ = {isa = PBXFileReference; lastKnownFileType = folder.assetcatalog; name = Assets.xcassets; path = MapTempConverter/Assets.xcassets; sourceTree = SOURCE_ROOT; };
		1B4BB6B11C8E1E170039C530 /* Base */ = {isa = PBXFileReference; lastKnownFileType = file.storyboard; name = Base; path = MapTempConverter/Base.lproj/LaunchScreen.storyboard; sourceTree = SOURCE_ROOT; };
		1B4BB6B41C8E1E1B0039C530 /* Base */ = {isa = PBXFileReference; lastKnownFileType = file.storyboard; name = Base; path = MapTempConverter/Base.lproj/Main.storyboard; sourceTree = SOURCE_ROOT; };
		1B4BB6C81C8E3F310039C530 /* WebKit.framework */ = {isa = PBXFileReference; lastKnownFileType = wrapper.framework; name = WebKit.framework; path = System/Library/Frameworks/WebKit.framework; sourceTree = SDKROOT; };
		1B8E57A41C83EC0000F1C6B2 /* MapKit.framework */ = {isa = PBXFileReference; lastKnownFileType = wrapper.framework; name = MapKit.framework; path = System/Library/Frameworks/MapKit.framework; sourceTree = SDKROOT; };
		1BB4843C1C5976F600DA25A5 /* MapTempConverter.app */ = {isa = PBXFileReference; explicitFileType = wrapper.application; includeInIndex = 0; path = MapTempConverter.app; sourceTree = BUILT_PRODUCTS_DIR; };
/* End PBXFileReference section */

/* Begin PBXFrameworksBuildPhase section */
		1BB484391C5976F600DA25A5 /* Frameworks */ = {
			isa = PBXFrameworksBuildPhase;
			buildActionMask = 2147483647;
			files = (
				1B4BB6C91C8E3F310039C530 /* WebKit.framework in Frameworks */,
				1B8E57A51C83EC0000F1C6B2 /* MapKit.framework in Frameworks */,
			);
			runOnlyForDeploymentPostprocessing = 0;
		};
/* End PBXFrameworksBuildPhase section */

/* Begin PBXGroup section */
		1BB484331C5976F600DA25A5 = {
			isa = PBXGroup;
			children = (
				1B4BB6C81C8E3F310039C530 /* WebKit.framework */,
				1B8E57A41C83EC0000F1C6B2 /* MapKit.framework */,
				1BB4843E1C5976F600DA25A5 /* MapTempConverter */,
				1BB4843D1C5976F600DA25A5 /* Products */,
			);
			sourceTree = "<group>";
		};
		1BB4843D1C5976F600DA25A5 /* Products */ = {
			isa = PBXGroup;
			children = (
				1BB4843C1C5976F600DA25A5 /* MapTempConverter.app */,
			);
			name = Products;
			sourceTree = "<group>";
		};
		1BB4843E1C5976F600DA25A5 /* MapTempConverter */ = {
			isa = PBXGroup;
			children = (
				1B4BB6A41C8E1DB10039C530 /* AppDelegate.swift */,
				1B4BB6A61C8E1DBB0039C530 /* ConversionViewController.swift */,
				1B4BB6A81C8E1DBB0039C530 /* MapViewController.swift */,
				1B4BB6B31C8E1E1B0039C530 /* Main.storyboard */,
				1B4BB6B01C8E1E170039C530 /* LaunchScreen.storyboard */,
				1B4BB6A71C8E1DBB0039C530 /* Info.plist */,
				1B3C1B311C92966100F244B3 /* Localizable.strings */,
				1B4BB6AE1C8E1DC80039C530 /* Assets.xcassets */,
			);
			name = MapTempConverter;
			path = "/Users/kaenyito-cole/Desktop/XCode Projects/MapTempConverter";
			sourceTree = "<absolute>";
		};
/* End PBXGroup section */

/* Begin PBXNativeTarget section */
		1BB4843B1C5976F600DA25A5 /* MapTempConverter */ = {
			isa = PBXNativeTarget;
			buildConfigurationList = 1BB4844E1C5976F600DA25A5 /* Build configuration list for PBXNativeTarget "MapTempConverter" */;
			buildPhases = (
				1BB484381C5976F600DA25A5 /* Sources */,
				1BB484391C5976F600DA25A5 /* Frameworks */,
				1BB4843A1C5976F600DA25A5 /* Resources */,
			);
			buildRules = (
			);
			dependencies = (
			);
			name = MapTempConverter;
			productName = WorldTrotter;
			productReference = 1BB4843C1C5976F600DA25A5 /* MapTempConverter.app */;
			productType = "com.apple.product-type.application";
		};
/* End PBXNativeTarget section */

/* Begin PBXProject section */
		1BB484341C5976F600DA25A5 /* Project object */ = {
			isa = PBXProject;
			attributes = {
				LastSwiftUpdateCheck = 0720;
				LastUpgradeCheck = 0720;
				ORGANIZATIONNAME = "Kaeny Ito-Cole";
				TargetAttributes = {
					1BB4843B1C5976F600DA25A5 = {
						CreatedOnToolsVersion = 7.2;
						DevelopmentTeam = RY57P8LQT3;
					};
				};
			};
			buildConfigurationList = 1BB484371C5976F600DA25A5 /* Build configuration list for PBXProject "MapTempConverter" */;
			compatibilityVersion = "Xcode 3.2";
			developmentRegion = English;
			hasScannedForEncodings = 0;
			knownRegions = (
				en,
				Base,
				es,
				ja,
				"es-MX",
			);
			mainGroup = 1BB484331C5976F600DA25A5;
			productRefGroup = 1BB4843D1C5976F600DA25A5 /* Products */;
			projectDirPath = "";
			projectRoot = "";
			targets = (
				1BB4843B1C5976F600DA25A5 /* MapTempConverter */,
			);
		};
/* End PBXProject section */

/* Begin PBXResourcesBuildPhase section */
		1BB4843A1C5976F600DA25A5 /* Resources */ = {
			isa = PBXResourcesBuildPhase;
			buildActionMask = 2147483647;
			files = (
				1B4BB6B21C8E1E170039C530 /* LaunchScreen.storyboard in Resources */,
				1B3C1B2F1C92966100F244B3 /* Localizable.strings in Resources */,
				1B4BB6AF1C8E1DC80039C530 /* Assets.xcassets in Resources */,
				1B4BB6B51C8E1E1B0039C530 /* Main.storyboard in Resources */,
			);
			runOnlyForDeploymentPostprocessing = 0;
		};
/* End PBXResourcesBuildPhase section */

/* Begin PBXSourcesBuildPhase section */
		1BB484381C5976F600DA25A5 /* Sources */ = {
			isa = PBXSourcesBuildPhase;
			buildActionMask = 2147483647;
			files = (
				1B4BB6A51C8E1DB10039C530 /* AppDelegate.swift in Sources */,
				1B4BB6AA1C8E1DBB0039C530 /* ConversionViewController.swift in Sources */,
				1B4BB6AC1C8E1DBB0039C530 /* MapViewController.swift in Sources */,
			);
			runOnlyForDeploymentPostprocessing = 0;
		};
/* End PBXSourcesBuildPhase section */

/* Begin PBXVariantGroup section */
		1B3C1B311C92966100F244B3 /* Localizable.strings */ = {
			isa = PBXVariantGroup;
			children = (
				1B3C1B301C92966100F244B3 /* Base */,
				1B3C1B321C92966A00F244B3 /* en */,
				1B3C1B331C92966B00F244B3 /* es */,
				1B3C1B341C92967400F244B3 /* ja */,
				1B3C1B351C92967500F244B3 /* es-MX */,
			);
			name = Localizable.strings;
			path = MapTempConverter;
			sourceTree = "<group>";
		};
		1B4BB6B01C8E1E170039C530 /* LaunchScreen.storyboard */ = {
			isa = PBXVariantGroup;
			children = (
				1B4BB6B11C8E1E170039C530 /* Base */,
			);
			name = LaunchScreen.storyboard;
			sourceTree = "<group>";
		};
		1B4BB6B31C8E1E1B0039C530 /* Main.storyboard */ = {
			isa = PBXVariantGroup;
			children = (
				1B4BB6B41C8E1E1B0039C530 /* Base */,
				1B4B86BA1C928CD900113B3F /* en */,
				1B4B86BB1C928CFB00113B3F /* es */,
				1B3C1B2B1C9293C500F244B3 /* ja */,
				1B3C1B2C1C9294AB00F244B3 /* es-MX */,
			);
			name = Main.storyboard;
			sourceTree = "<group>";
		};
/* End PBXVariantGroup section */

/* Begin XCBuildConfiguration section */
		1BB4844C1C5976F600DA25A5 /* Debug */ = {
			isa = XCBuildConfiguration;
			buildSettings = {
				ALWAYS_SEARCH_USER_PATHS = NO;
				CLANG_CXX_LANGUAGE_STANDARD = "gnu++0x";
				CLANG_CXX_LIBRARY = "libc++";
				CLANG_ENABLE_MODULES = YES;
				CLANG_ENABLE_OBJC_ARC = YES;
				CLANG_WARN_BOOL_CONVERSION = YES;
				CLANG_WARN_CONSTANT_CONVERSION = YES;
				CLANG_WARN_DIRECT_OBJC_ISA_USAGE = YES_ERROR;
				CLANG_WARN_EMPTY_BODY = YES;
				CLANG_WARN_ENUM_CONVERSION = YES;
				CLANG_WARN_INT_CONVERSION = YES;
				CLANG_WARN_OBJC_ROOT_CLASS = YES_ERROR;
				CLANG_WARN_UNREACHABLE_CODE = YES;
				CLANG_WARN__DUPLICATE_METHOD_MATCH = YES;
				"CODE_SIGN_IDENTITY[sdk=iphoneos*]" = "iPhone Developer";
				COPY_PHASE_STRIP = NO;
				DEBUG_INFORMATION_FORMAT = dwarf;
				ENABLE_STRICT_OBJC_MSGSEND = YES;
				ENABLE_TESTABILITY = YES;
				GCC_C_LANGUAGE_STANDARD = gnu99;
				GCC_DYNAMIC_NO_PIC = NO;
				GCC_NO_COMMON_BLOCKS = YES;
				GCC_OPTIMIZATION_LEVEL = 0;
				GCC_PREPROCESSOR_DEFINITIONS = (
					"DEBUG=1",
					"$(inherited)",
				);
				GCC_WARN_64_TO_32_BIT_CONVERSION = YES;
				GCC_WARN_ABOUT_RETURN_TYPE = YES_ERROR;
				GCC_WARN_UNDECLARED_SELECTOR = YES;
				GCC_WARN_UNINITIALIZED_AUTOS = YES_AGGRESSIVE;
				GCC_WARN_UNUSED_FUNCTION = YES;
				GCC_WARN_UNUSED_VARIABLE = YES;
				IPHONEOS_DEPLOYMENT_TARGET = 9.0;
				MTL_ENABLE_DEBUG_INFO = YES;
				ONLY_ACTIVE_ARCH = YES;
				SDKROOT = iphoneos;
				SWIFT_OPTIMIZATION_LEVEL = "-Onone";
			};
			name = Debug;
		};
		1BB4844D1C5976F600DA25A5 /* Release */ = {
			isa = XCBuildConfiguration;
			buildSettings = {
				ALWAYS_SEARCH_USER_PATHS = NO;
				CLANG_CXX_LANGUAGE_STANDARD = "gnu++0x";
				CLANG_CXX_LIBRARY = "libc++";
				CLANG_ENABLE_MODULES = YES;
				CLANG_ENABLE_OBJC_ARC = YES;
				CLANG_WARN_BOOL_CONVERSION = YES;
				CLANG_WARN_CONSTANT_CONVERSION = YES;
				CLANG_WARN_DIRECT_OBJC_ISA_USAGE = YES_ERROR;
				CLANG_WARN_EMPTY_BODY = YES;
				CLANG_WARN_ENUM_CONVERSION = YES;
				CLANG_WARN_INT_CONVERSION = YES;
				CLANG_WARN_OBJC_ROOT_CLASS = YES_ERROR;
				CLANG_WARN_UNREACHABLE_CODE = YES;
				CLANG_WARN__DUPLICATE_METHOD_MATCH = YES;
				"CODE_SIGN_IDENTITY[sdk=iphoneos*]" = "iPhone Developer";
				COPY_PHASE_STRIP = NO;
				DEBUG_INFORMATION_FORMAT = "dwarf-with-dsym";
				ENABLE_NS_ASSERTIONS = NO;
				ENABLE_STRICT_OBJC_MSGSEND = YES;
				GCC_C_LANGUAGE_STANDARD = gnu99;
				GCC_NO_COMMON_BLOCKS = YES;
				GCC_WARN_64_TO_32_BIT_CONVERSION = YES;
				GCC_WARN_ABOUT_RETURN_TYPE = YES_ERROR;
				GCC_WARN_UNDECLARED_SELECTOR = YES;
				GCC_WARN_UNINITIALIZED_AUTOS = YES_AGGRESSIVE;
				GCC_WARN_UNUSED_FUNCTION = YES;
				GCC_WARN_UNUSED_VARIABLE = YES;
				IPHONEOS_DEPLOYMENT_TARGET = 9.0;
				MTL_ENABLE_DEBUG_INFO = NO;
				SDKROOT = iphoneos;
				VALIDATE_PRODUCT = YES;
			};
			name = Release;
		};
		1BB4844F1C5976F600DA25A5 /* Debug */ = {
			isa = XCBuildConfiguration;
			buildSettings = {
				ASSETCATALOG_COMPILER_APPICON_NAME = AppIcon;
				INFOPLIST_FILE = MapTempConverter/Info.plist;
				"INFOPLIST_FILE[sdk=*]" = MapTempConverter/Info.plist;
				IPHONEOS_DEPLOYMENT_TARGET = 9.0;
				LD_RUNPATH_SEARCH_PATHS = "$(inherited) @executable_path/Frameworks";
				PRODUCT_BUNDLE_IDENTIFIER = com.kaenyitocole.MapTempConverter;
				PRODUCT_NAME = MapTempConverter;
			};
			name = Debug;
		};
		1BB484501C5976F600DA25A5 /* Release */ = {
			isa = XCBuildConfiguration;
			buildSettings = {
				ASSETCATALOG_COMPILER_APPICON_NAME = AppIcon;
				INFOPLIST_FILE = MapTempConverter/Info.plist;
				IPHONEOS_DEPLOYMENT_TARGET = 9.0;
				LD_RUNPATH_SEARCH_PATHS = "$(inherited) @executable_path/Frameworks";
				PRODUCT_BUNDLE_IDENTIFIER = com.kaenyitocole.MapTempConverter;
				PRODUCT_NAME = MapTempConverter;
			};
			name = Release;
		};
/* End XCBuildConfiguration section */

/* Begin XCConfigurationList section */
		1BB484371C5976F600DA25A5 /* Build configuration list for PBXProject "MapTempConverter" */ = {
			isa = XCConfigurationList;
			buildConfigurations = (
				1BB4844C1C5976F600DA25A5 /* Debug */,
				1BB4844D1C5976F600DA25A5 /* Release */,
			);
			defaultConfigurationIsVisible = 0;
			defaultConfigurationName = Release;
		};
		1BB4844E1C5976F600DA25A5 /* Build configuration list for PBXNativeTarget "MapTempConverter" */ = {
			isa = XCConfigurationList;
			buildConfigurations = (
				1BB4844F1C5976F600DA25A5 /* Debug */,
				1BB484501C5976F600DA25A5 /* Release */,
			);
			defaultConfigurationIsVisible = 0;
			defaultConfigurationName = Release;
		};
/* End XCConfigurationList section */
	};
	rootObject = 1BB484341C5976F600DA25A5 /* Project object */;
}
